
Microsoft Visual Studio Solution File, Format Version 10.00
# Visual C# Express 2008
Project("{FAE04EC0-301F-11D3-BF4B-00C04F79EFBC}") = "Text Analyzer", "Text Analyzer\Text Analyzer.csproj", "{281FD642-85A0-46FC-98DD-943D6362617F}"
EndProject
Global
	GlobalSection(SolutionConfigurationPlatforms) = preSolution
		Debug|Any CPU = Debug|Any CPU
		Release|Any CPU = Release|Any CPU
	EndGlobalSection
	GlobalSection(ProjectConfigurationPlatforms) = postSolution
		{281FD642-85A0-46FC-98DD-943D6362617F}.Debug|Any CPU.ActiveCfg = Debug|Any CPU
		{281FD642-85A0-46FC-98DD-943D6362617F}.Debug|Any CPU.Build.0 = Debug|Any CPU
		{281FD642-85A0-46FC-98DD-943D6362617F}.Release|Any CPU.ActiveCfg = Release|Any CPU
		{281FD642-85A0-46FC-98DD-943D6362617F}.Release|Any CPU.Build.0 = Release|Any CPU
	EndGlobalSection
	GlobalSection(SolutionProperties) = preSolution
		HideSolutionNode = FALSE
	EndGlobalSection
EndGlobal
